
Microsoft Visual Studio Solution File, Format Version 12.00
# Visual Studio Version 17
VisualStudioVersion = 17.11.35222.181
MinimumVisualStudioVersion = 10.0.40219.1
Project("{FAE04EC0-301F-11D3-BF4B-00C04F79EFBC}") = "PARCIAL19200255.API", "PARCIAL19200255.API\PARCIAL19200255.API.csproj", "{72858A40-5204-4EDC-B6C9-11E105D92355}"
EndProject
Project("{FAE04EC0-301F-11D3-BF4B-00C04F79EFBC}") = "PARCIAL19200255.DOMAIN", "PARCIAL19200255.DOMAIN\PARCIAL19200255.DOMAIN.csproj", "{9462BA6E-B651-43D7-B67D-0C7A7C40B2B7}"
EndProject
Global
	GlobalSection(SolutionConfigurationPlatforms) = preSolution
		Debug|Any CPU = Debug|Any CPU
		Release|Any CPU = Release|Any CPU
	EndGlobalSection
	GlobalSection(ProjectConfigurationPlatforms) = postSolution
		{72858A40-5204-4EDC-B6C9-11E105D92355}.Debug|Any CPU.ActiveCfg = Debug|Any CPU
		{72858A40-5204-4EDC-B6C9-11E105D92355}.Debug|Any CPU.Build.0 = Debug|Any CPU
		{72858A40-5204-4EDC-B6C9-11E105D92355}.Release|Any CPU.ActiveCfg = Release|Any CPU
		{72858A40-5204-4EDC-B6C9-11E105D92355}.Release|Any CPU.Build.0 = Release|Any CPU
		{9462BA6E-B651-43D7-B67D-0C7A7C40B2B7}.Debug|Any CPU.ActiveCfg = Debug|Any CPU
		{9462BA6E-B651-43D7-B67D-0C7A7C40B2B7}.Debug|Any CPU.Build.0 = Debug|Any CPU
		{9462BA6E-B651-43D7-B67D-0C7A7C40B2B7}.Release|Any CPU.ActiveCfg = Release|Any CPU
		{9462BA6E-B651-43D7-B67D-0C7A7C40B2B7}.Release|Any CPU.Build.0 = Release|Any CPU
	EndGlobalSection
	GlobalSection(SolutionProperties) = preSolution
		HideSolutionNode = FALSE
	EndGlobalSection
	GlobalSection(ExtensibilityGlobals) = postSolution
		SolutionGuid = {32C30ABE-231E-4DC9-804A-B7E0CD9D1687}
	EndGlobalSection
EndGlobal
